
Microsoft Visual Studio Solution File, Format Version 12.00
# Visual Studio Version 17
VisualStudioVersion = 17.7.34221.43
MinimumVisualStudioVersion = 10.0.40219.1
Project("{FAE04EC0-301F-11D3-BF4B-00C04F79EFBC}") = "RecapDemo1", "RecapDemo1\RecapDemo1.csproj", "{9DE6953D-9F50-465F-A0E4-270BEAF1C8F7}"
EndProject
Project("{FAE04EC0-301F-11D3-BF4B-00C04F79EFBC}") = "AdonetDemo", "AdonetDemo\AdonetDemo.csproj", "{EAC54038-5F13-4171-B20E-F3084A40475E}"
EndProject
Global
	GlobalSection(SolutionConfigurationPlatforms) = preSolution
		Debug|Any CPU = Debug|Any CPU
		Release|Any CPU = Release|Any CPU
	EndGlobalSection
	GlobalSection(ProjectConfigurationPlatforms) = postSolution
		{9DE6953D-9F50-465F-A0E4-270BEAF1C8F7}.Debug|Any CPU.ActiveCfg = Debug|Any CPU
		{9DE6953D-9F50-465F-A0E4-270BEAF1C8F7}.Debug|Any CPU.Build.0 = Debug|Any CPU
		{9DE6953D-9F50-465F-A0E4-270BEAF1C8F7}.Release|Any CPU.ActiveCfg = Release|Any CPU
		{9DE6953D-9F50-465F-A0E4-270BEAF1C8F7}.Release|Any CPU.Build.0 = Release|Any CPU
		{EAC54038-5F13-4171-B20E-F3084A40475E}.Debug|Any CPU.ActiveCfg = Debug|Any CPU
		{EAC54038-5F13-4171-B20E-F3084A40475E}.Debug|Any CPU.Build.0 = Debug|Any CPU
		{EAC54038-5F13-4171-B20E-F3084A40475E}.Release|Any CPU.ActiveCfg = Release|Any CPU
		{EAC54038-5F13-4171-B20E-F3084A40475E}.Release|Any CPU.Build.0 = Release|Any CPU
	EndGlobalSection
	GlobalSection(SolutionProperties) = preSolution
		HideSolutionNode = FALSE
	EndGlobalSection
	GlobalSection(ExtensibilityGlobals) = postSolution
		SolutionGuid = {141C7C88-9859-4114-9548-FBE5B285E72B}
	EndGlobalSection
EndGlobal
